
Microsoft Visual Studio Solution File, Format Version 12.00
# Visual Studio 2012
Project("{8BC9CEB8-8B4A-11D0-8D11-00A0C91BC942}") = "protecting_environment_1", "protecting_environment_1\protecting_environment_1.vcxproj", "{322EEC86-4FEF-47EC-AAF0-47496AC446D9}"
EndProject
Global
	GlobalSection(SolutionConfigurationPlatforms) = preSolution
		Debug|Win32 = Debug|Win32
		Release|Win32 = Release|Win32
	EndGlobalSection
	GlobalSection(ProjectConfigurationPlatforms) = postSolution
		{322EEC86-4FEF-47EC-AAF0-47496AC446D9}.Debug|Win32.ActiveCfg = Debug|Win32
		{322EEC86-4FEF-47EC-AAF0-47496AC446D9}.Debug|Win32.Build.0 = Debug|Win32
		{322EEC86-4FEF-47EC-AAF0-47496AC446D9}.Release|Win32.ActiveCfg = Release|Win32
		{322EEC86-4FEF-47EC-AAF0-47496AC446D9}.Release|Win32.Build.0 = Release|Win32
	EndGlobalSection
	GlobalSection(SolutionProperties) = preSolution
		HideSolutionNode = FALSE
	EndGlobalSection
EndGlobal
